
Microsoft Visual Studio Solution File, Format Version 12.00
# Visual Studio 14
VisualStudioVersion = 14.0.25123.0
MinimumVisualStudioVersion = 10.0.40219.1
Project("{FAE04EC0-301F-11D3-BF4B-00C04F79EFBC}") = "WpfWinMirror", "WpfWinMirror\WpfWinMirror.csproj", "{CDDB80BA-4335-41CA-A982-E3FB033FB111}"
EndProject
Project("{FAE04EC0-301F-11D3-BF4B-00C04F79EFBC}") = "MyDotNetHelpers", "MyDotNetHelpers\MyDotNetHelpers.csproj", "{D49EBF6C-FC8F-41A2-8813-254993159CE5}"
EndProject
Project("{2150E333-8FDC-42A3-9474-1A3956D46DE8}") = "Solution Items", "Solution Items", "{AF2E9F44-7B50-4792-B881-89CBC283D5CC}"
	ProjectSection(SolutionItems) = preProject
		wpf_localize_note.txt = wpf_localize_note.txt
		wpf_sync_flush_crash.txt = wpf_sync_flush_crash.txt
	EndProjectSection
EndProject
Global
	GlobalSection(SolutionConfigurationPlatforms) = preSolution
		Debug|Any CPU = Debug|Any CPU
		Release|Any CPU = Release|Any CPU
	EndGlobalSection
	GlobalSection(ProjectConfigurationPlatforms) = postSolution
		{CDDB80BA-4335-41CA-A982-E3FB033FB111}.Debug|Any CPU.ActiveCfg = Debug|Any CPU
		{CDDB80BA-4335-41CA-A982-E3FB033FB111}.Debug|Any CPU.Build.0 = Debug|Any CPU
		{CDDB80BA-4335-41CA-A982-E3FB033FB111}.Release|Any CPU.ActiveCfg = Release|Any CPU
		{CDDB80BA-4335-41CA-A982-E3FB033FB111}.Release|Any CPU.Build.0 = Release|Any CPU
		{D49EBF6C-FC8F-41A2-8813-254993159CE5}.Debug|Any CPU.ActiveCfg = Debug|Any CPU
		{D49EBF6C-FC8F-41A2-8813-254993159CE5}.Debug|Any CPU.Build.0 = Debug|Any CPU
		{D49EBF6C-FC8F-41A2-8813-254993159CE5}.Release|Any CPU.ActiveCfg = Release|Any CPU
		{D49EBF6C-FC8F-41A2-8813-254993159CE5}.Release|Any CPU.Build.0 = Release|Any CPU
	EndGlobalSection
	GlobalSection(SolutionProperties) = preSolution
		HideSolutionNode = FALSE
	EndGlobalSection
EndGlobal
